// !$*UTF8*$!
{
	archiveVersion = 1;
	classes = {
	};
	objectVersion = 50;
	objects = {

/* Begin PBXBuildFile section */
		5D716B0C21EC7A0C00CF07CC /* AppDelegate.swift in Sources */ = {isa = PBXBuildFile; fileRef = 5D716B0B21EC7A0C00CF07CC /* AppDelegate.swift */; };
		5D716B1321EC7A0E00CF07CC /* Assets.xcassets in Resources */ = {isa = PBXBuildFile; fileRef = 5D716B1221EC7A0E00CF07CC /* Assets.xcassets */; };
		5D716B1621EC7A0E00CF07CC /* LaunchScreen.storyboard in Resources */ = {isa = PBXBuildFile; fileRef = 5D716B1421EC7A0E00CF07CC /* LaunchScreen.storyboard */; };
		5D716B2121EC7AE000CF07CC /* MGJMacro.swift in Sources */ = {isa = PBXBuildFile; fileRef = 5D716B2021EC7AE000CF07CC /* MGJMacro.swift */; };
		5D716B9A21F07B8800CF07CC /* MGJRouter.swift in Sources */ = {isa = PBXBuildFile; fileRef = 5D716B9921F07B8800CF07CC /* MGJRouter.swift */; };
		5D716B9E21F0835400CF07CC /* DemoListViewController.swift in Sources */ = {isa = PBXBuildFile; fileRef = 5D716B9D21F0835400CF07CC /* DemoListViewController.swift */; };
		5D716BA021F0837A00CF07CC /* DemoDetailViewController.swift in Sources */ = {isa = PBXBuildFile; fileRef = 5D716B9F21F0837A00CF07CC /* DemoDetailViewController.swift */; };
/* End PBXBuildFile section */

/* Begin PBXFileReference section */
		5D716B0821EC7A0C00CF07CC /* MGJRouter_Swift.app */ = {isa = PBXFileReference; explicitFileType = wrapper.application; includeInIndex = 0; path = MGJRouter_Swift.app; sourceTree = BUILT_PRODUCTS_DIR; };
		5D716B0B21EC7A0C00CF07CC /* AppDelegate.swift */ = {isa = PBXFileReference; lastKnownFileType = sourcecode.swift; path = AppDelegate.swift; sourceTree = "<group>"; };
		5D716B1221EC7A0E00CF07CC /* Assets.xcassets */ = {isa = PBXFileReference; lastKnownFileType = folder.assetcatalog; path = Assets.xcassets; sourceTree = "<group>"; };
		5D716B1521EC7A0E00CF07CC /* Base */ = {isa = PBXFileReference; lastKnownFileType = file.storyboard; name = Base; path = Base.lproj/LaunchScreen.storyboard; sourceTree = "<group>"; };
		5D716B1721EC7A0E00CF07CC /* Info.plist */ = {isa = PBXFileReference; lastKnownFileType = text.plist.xml; path = Info.plist; sourceTree = "<group>"; };
		5D716B2021EC7AE000CF07CC /* MGJMacro.swift */ = {isa = PBXFileReference; lastKnownFileType = sourcecode.swift; path = MGJMacro.swift; sourceTree = "<group>"; };
		5D716B9921F07B8800CF07CC /* MGJRouter.swift */ = {isa = PBXFileReference; lastKnownFileType = sourcecode.swift; path = MGJRouter.swift; sourceTree = "<group>"; };
		5D716B9D21F0835400CF07CC /* DemoListViewController.swift */ = {isa = PBXFileReference; lastKnownFileType = sourcecode.swift; path = DemoListViewController.swift; sourceTree = "<group>"; };
		5D716B9F21F0837A00CF07CC /* DemoDetailViewController.swift */ = {isa = PBXFileReference; lastKnownFileType = sourcecode.swift; path = DemoDetailViewController.swift; sourceTree = "<group>"; };
/* End PBXFileReference section */

/* Begin PBXFrameworksBuildPhase section */
		5D716B0521EC7A0C00CF07CC /* Frameworks */ = {
			isa = PBXFrameworksBuildPhase;
			buildActionMask = 2147483647;
			files = (
			);
			runOnlyForDeploymentPostprocessing = 0;
		};
/* End PBXFrameworksBuildPhase section */

/* Begin PBXGroup section */
		5D716AFF21EC7A0C00CF07CC = {
			isa = PBXGroup;
			children = (
				5D716B0A21EC7A0C00CF07CC /* MGJRouter_Swift */,
				5D716B0921EC7A0C00CF07CC /* Products */,
			);
			sourceTree = "<group>";
		};
		5D716B0921EC7A0C00CF07CC /* Products */ = {
			isa = PBXGroup;
			children = (
				5D716B0821EC7A0C00CF07CC /* MGJRouter_Swift.app */,
			);
			name = Products;
			sourceTree = "<group>";
		};
		5D716B0A21EC7A0C00CF07CC /* MGJRouter_Swift */ = {
			isa = PBXGroup;
			children = (
				5D716B1D21EC7A4100CF07CC /* Source */,
				5D716B0B21EC7A0C00CF07CC /* AppDelegate.swift */,
				5D716B9D21F0835400CF07CC /* DemoListViewController.swift */,
				5D716B9F21F0837A00CF07CC /* DemoDetailViewController.swift */,
				5D716B1221EC7A0E00CF07CC /* Assets.xcassets */,
				5D716B1421EC7A0E00CF07CC /* LaunchScreen.storyboard */,
				5D716B1721EC7A0E00CF07CC /* Info.plist */,
			);
			path = MGJRouter_Swift;
			sourceTree = "<group>";
		};
		5D716B1D21EC7A4100CF07CC /* Source */ = {
			isa = PBXGroup;
			children = (
				5D716B2021EC7AE000CF07CC /* MGJMacro.swift */,
				5D716B9921F07B8800CF07CC /* MGJRouter.swift */,
			);
			path = Source;
			sourceTree = SOURCE_ROOT;
		};
/* End PBXGroup section */

/* Begin PBXNativeTarget section */
		5D716B0721EC7A0C00CF07CC /* MGJRouter_Swift */ = {
			isa = PBXNativeTarget;
			buildConfigurationList = 5D716B1A21EC7A0E00CF07CC /* Build configuration list for PBXNativeTarget "MGJRouter_Swift" */;
			buildPhases = (
				5D716B0421EC7A0C00CF07CC /* Sources */,
				5D716B0521EC7A0C00CF07CC /* Frameworks */,
				5D716B0621EC7A0C00CF07CC /* Resources */,
			);
			buildRules = (
			);
			dependencies = (
			);
			name = MGJRouter_Swift;
			productName = MGJRouter_Swift;
			productReference = 5D716B0821EC7A0C00CF07CC /* MGJRouter_Swift.app */;
			productType = "com.apple.product-type.application";
		};
/* End PBXNativeTarget section */

/* Begin PBXProject section */
		5D716B0021EC7A0C00CF07CC /* Project object */ = {
			isa = PBXProject;
			attributes = {
				LastSwiftUpdateCheck = 1010;
				LastUpgradeCheck = 1010;
				ORGANIZATIONNAME = "谢伟";
				TargetAttributes = {
					5D716B0721EC7A0C00CF07CC = {
						CreatedOnToolsVersion = 10.1;
					};
				};
			};
			buildConfigurationList = 5D716B0321EC7A0C00CF07CC /* Build configuration list for PBXProject "MGJRouter_Swift" */;
			compatibilityVersion = "Xcode 9.3";
			developmentRegion = en;
			hasScannedForEncodings = 0;
			knownRegions = (
				en,
				Base,
			);
			mainGroup = 5D716AFF21EC7A0C00CF07CC;
			productRefGroup = 5D716B0921EC7A0C00CF07CC /* Products */;
			projectDirPath = "";
			projectRoot = "";
			targets = (
				5D716B0721EC7A0C00CF07CC /* MGJRouter_Swift */,
			);
		};
/* End PBXProject section */

/* Begin PBXResourcesBuildPhase section */
		5D716B0621EC7A0C00CF07CC /* Resources */ = {
			isa = PBXResourcesBuildPhase;
			buildActionMask = 2147483647;
			files = (
				5D716B1621EC7A0E00CF07CC /* LaunchScreen.storyboard in Resources */,
				5D716B1321EC7A0E00CF07CC /* Assets.xcassets in Resources */,
			);
			runOnlyForDeploymentPostprocessing = 0;
		};
/* End PBXResourcesBuildPhase section */

/* Begin PBXSourcesBuildPhase section */
		5D716B0421EC7A0C00CF07CC /* Sources */ = {
			isa = PBXSourcesBuildPhase;
			buildActionMask = 2147483647;
			files = (
				5D716BA021F0837A00CF07CC /* DemoDetailViewController.swift in Sources */,
				5D716B2121EC7AE000CF07CC /* MGJMacro.swift in Sources */,
				5D716B9E21F0835400CF07CC /* DemoListViewController.swift in Sources */,
				5D716B9A21F07B8800CF07CC /* MGJRouter.swift in Sources */,
				5D716B0C21EC7A0C00CF07CC /* AppDelegate.swift in Sources */,
			);
			runOnlyForDeploymentPostprocessing = 0;
		};
/* End PBXSourcesBuildPhase section */

/* Begin PBXVariantGroup section */
		5D716B1421EC7A0E00CF07CC /* LaunchScreen.storyboard */ = {
			isa = PBXVariantGroup;
			children = (
				5D716B1521EC7A0E00CF07CC /* Base */,
			);
			name = LaunchScreen.storyboard;
			sourceTree = "<group>";
		};
/* End PBXVariantGroup section */

/* Begin XCBuildConfiguration section */
		5D716B1821EC7A0E00CF07CC /* Debug */ = {
			isa = XCBuildConfiguration;
			buildSettings = {
				ALWAYS_SEARCH_USER_PATHS = NO;
				CLANG_ANALYZER_NONNULL = YES;
				CLANG_ANALYZER_NUMBER_OBJECT_CONVERSION = YES_AGGRESSIVE;
				CLANG_CXX_LANGUAGE_STANDARD = "gnu++14";
				CLANG_CXX_LIBRARY = "libc++";
				CLANG_ENABLE_MODULES = YES;
				CLANG_ENABLE_OBJC_ARC = YES;
				CLANG_ENABLE_OBJC_WEAK = YES;
				CLANG_WARN_BLOCK_CAPTURE_AUTORELEASING = YES;
				CLANG_WARN_BOOL_CONVERSION = YES;
				CLANG_WARN_COMMA = YES;
				CLANG_WARN_CONSTANT_CONVERSION = YES;
				CLANG_WARN_DEPRECATED_OBJC_IMPLEMENTATIONS = YES;
				CLANG_WARN_DIRECT_OBJC_ISA_USAGE = YES_ERROR;
				CLANG_WARN_DOCUMENTATION_COMMENTS = YES;
				CLANG_WARN_EMPTY_BODY = YES;
				CLANG_WARN_ENUM_CONVERSION = YES;
				CLANG_WARN_INFINITE_RECURSION = YES;
				CLANG_WARN_INT_CONVERSION = YES;
				CLANG_WARN_NON_LITERAL_NULL_CONVERSION = YES;
				CLANG_WARN_OBJC_IMPLICIT_RETAIN_SELF = YES;
				CLANG_WARN_OBJC_LITERAL_CONVERSION = YES;
				CLANG_WARN_OBJC_ROOT_CLASS = YES_ERROR;
				CLANG_WARN_RANGE_LOOP_ANALYSIS = YES;
				CLANG_WARN_STRICT_PROTOTYPES = YES;
				CLANG_WARN_SUSPICIOUS_MOVE = YES;
				CLANG_WARN_UNGUARDED_AVAILABILITY = YES_AGGRESSIVE;
				CLANG_WARN_UNREACHABLE_CODE = YES;
				CLANG_WARN__DUPLICATE_METHOD_MATCH = YES;
				CODE_SIGN_IDENTITY = "iPhone Developer";
				COPY_PHASE_STRIP = NO;
				DEBUG_INFORMATION_FORMAT = dwarf;
				ENABLE_STRICT_OBJC_MSGSEND = YES;
				ENABLE_TESTABILITY = YES;
				GCC_C_LANGUAGE_STANDARD = gnu11;
				GCC_DYNAMIC_NO_PIC = NO;
				GCC_NO_COMMON_BLOCKS = YES;
				GCC_OPTIMIZATION_LEVEL = 0;
				GCC_PREPROCESSOR_DEFINITIONS = (
					"DEBUG=1",
					"$(inherited)",
				);
				GCC_WARN_64_TO_32_BIT_CONVERSION = YES;
				GCC_WARN_ABOUT_RETURN_TYPE = YES_ERROR;
				GCC_WARN_UNDECLARED_SELECTOR = YES;
				GCC_WARN_UNINITIALIZED_AUTOS = YES_AGGRESSIVE;
				GCC_WARN_UNUSED_FUNCTION = YES;
				GCC_WARN_UNUSED_VARIABLE = YES;
				IPHONEOS_DEPLOYMENT_TARGET = 12.1;
				MTL_ENABLE_DEBUG_INFO = INCLUDE_SOURCE;
				MTL_FAST_MATH = YES;
				ONLY_ACTIVE_ARCH = YES;
				SDKROOT = iphoneos;
				SWIFT_ACTIVE_COMPILATION_CONDITIONS = DEBUG;
				SWIFT_OPTIMIZATION_LEVEL = "-Onone";
			};
			name = Debug;
		};
		5D716B1921EC7A0E00CF07CC /* Release */ = {
			isa = XCBuildConfiguration;
			buildSettings = {
				ALWAYS_SEARCH_USER_PATHS = NO;
				CLANG_ANALYZER_NONNULL = YES;
				CLANG_ANALYZER_NUMBER_OBJECT_CONVERSION = YES_AGGRESSIVE;
				CLANG_CXX_LANGUAGE_STANDARD = "gnu++14";
				CLANG_CXX_LIBRARY = "libc++";
				CLANG_ENABLE_MODULES = YES;
				CLANG_ENABLE_OBJC_ARC = YES;
				CLANG_ENABLE_OBJC_WEAK = YES;
				CLANG_WARN_BLOCK_CAPTURE_AUTORELEASING = YES;
				CLANG_WARN_BOOL_CONVERSION = YES;
				CLANG_WARN_COMMA = YES;
				CLANG_WARN_CONSTANT_CONVERSION = YES;
				CLANG_WARN_DEPRECATED_OBJC_IMPLEMENTATIONS = YES;
				CLANG_WARN_DIRECT_OBJC_ISA_USAGE = YES_ERROR;
				CLANG_WARN_DOCUMENTATION_COMMENTS = YES;
				CLANG_WARN_EMPTY_BODY = YES;
				CLANG_WARN_ENUM_CONVERSION = YES;
				CLANG_WARN_INFINITE_RECURSION = YES;
				CLANG_WARN_INT_CONVERSION = YES;
				CLANG_WARN_NON_LITERAL_NULL_CONVERSION = YES;
				CLANG_WARN_OBJC_IMPLICIT_RETAIN_SELF = YES;
				CLANG_WARN_OBJC_LITERAL_CONVERSION = YES;
				CLANG_WARN_OBJC_ROOT_CLASS = YES_ERROR;
				CLANG_WARN_RANGE_LOOP_ANALYSIS = YES;
				CLANG_WARN_STRICT_PROTOTYPES = YES;
				CLANG_WARN_SUSPICIOUS_MOVE = YES;
				CLANG_WARN_UNGUARDED_AVAILABILITY = YES_AGGRESSIVE;
				CLANG_WARN_UNREACHABLE_CODE = YES;
				CLANG_WARN__DUPLICATE_METHOD_MATCH = YES;
				CODE_SIGN_IDENTITY = "iPhone Developer";
				COPY_PHASE_STRIP = NO;
				DEBUG_INFORMATION_FORMAT = "dwarf-with-dsym";
				ENABLE_NS_ASSERTIONS = NO;
				ENABLE_STRICT_OBJC_MSGSEND = YES;
				GCC_C_LANGUAGE_STANDARD = gnu11;
				GCC_NO_COMMON_BLOCKS = YES;
				GCC_WARN_64_TO_32_BIT_CONVERSION = YES;
				GCC_WARN_ABOUT_RETURN_TYPE = YES_ERROR;
				GCC_WARN_UNDECLARED_SELECTOR = YES;
				GCC_WARN_UNINITIALIZED_AUTOS = YES_AGGRESSIVE;
				GCC_WARN_UNUSED_FUNCTION = YES;
				GCC_WARN_UNUSED_VARIABLE = YES;
				IPHONEOS_DEPLOYMENT_TARGET = 12.1;
				MTL_ENABLE_DEBUG_INFO = NO;
				MTL_FAST_MATH = YES;
				SDKROOT = iphoneos;
				SWIFT_COMPILATION_MODE = wholemodule;
				SWIFT_OPTIMIZATION_LEVEL = "-O";
				VALIDATE_PRODUCT = YES;
			};
			name = Release;
		};
		5D716B1B21EC7A0E00CF07CC /* Debug */ = {
			isa = XCBuildConfiguration;
			buildSettings = {
				ASSETCATALOG_COMPILER_APPICON_NAME = AppIcon;
				CODE_SIGN_STYLE = Automatic;
				DEVELOPMENT_TEAM = 3552J6GPB6;
				INFOPLIST_FILE = MGJRouter_Swift/Info.plist;
				IPHONEOS_DEPLOYMENT_TARGET = 8.0;
				LD_RUNPATH_SEARCH_PATHS = (
					"$(inherited)",
					"@executable_path/Frameworks",
				);
				PRODUCT_BUNDLE_IDENTIFIER = "com.xw.MGJRouter-Swift";
				PRODUCT_NAME = "$(TARGET_NAME)";
				SWIFT_VERSION = 4.2;
				TARGETED_DEVICE_FAMILY = "1,2";
			};
			name = Debug;
		};
		5D716B1C21EC7A0E00CF07CC /* Release */ = {
			isa = XCBuildConfiguration;
			buildSettings = {
				ASSETCATALOG_COMPILER_APPICON_NAME = AppIcon;
				CODE_SIGN_STYLE = Automatic;
				DEVELOPMENT_TEAM = 3552J6GPB6;
				INFOPLIST_FILE = MGJRouter_Swift/Info.plist;
				IPHONEOS_DEPLOYMENT_TARGET = 8.0;
				LD_RUNPATH_SEARCH_PATHS = (
					"$(inherited)",
					"@executable_path/Frameworks",
				);
				PRODUCT_BUNDLE_IDENTIFIER = "com.xw.MGJRouter-Swift";
				PRODUCT_NAME = "$(TARGET_NAME)";
				SWIFT_VERSION = 4.2;
				TARGETED_DEVICE_FAMILY = "1,2";
			};
			name = Release;
		};
/* End XCBuildConfiguration section */

/* Begin XCConfigurationList section */
		5D716B0321EC7A0C00CF07CC /* Build configuration list for PBXProject "MGJRouter_Swift" */ = {
			isa = XCConfigurationList;
			buildConfigurations = (
				5D716B1821EC7A0E00CF07CC /* Debug */,
				5D716B1921EC7A0E00CF07CC /* Release */,
			);
			defaultConfigurationIsVisible = 0;
			defaultConfigurationName = Release;
		};
		5D716B1A21EC7A0E00CF07CC /* Build configuration list for PBXNativeTarget "MGJRouter_Swift" */ = {
			isa = XCConfigurationList;
			buildConfigurations = (
				5D716B1B21EC7A0E00CF07CC /* Debug */,
				5D716B1C21EC7A0E00CF07CC /* Release */,
			);
			defaultConfigurationIsVisible = 0;
			defaultConfigurationName = Release;
		};
/* End XCConfigurationList section */
	};
	rootObject = 5D716B0021EC7A0C00CF07CC /* Project object */;
}
